PODS:
  - Alamofire (4.8.1)
  - SwiftyJSON (4.2.0)
  - Toast-Swift (3.0.1)

DEPENDENCIES:
  - Alamofire (~> 4.6)
  - SwiftyJSON
  - Toast-Swift (~> 3.0.0)

SPEC REPOS:
  https://github.com/cocoapods/specs.git:
    - Alamofire
    - SwiftyJSON
    - Toast-Swift

SPEC CHECKSUMS:
  Alamofire: 16ce2c353fb72865124ddae8a57c5942388f4f11
  SwiftyJSON: c4bcba26dd9ec7a027fc8eade48e2c911f229e96
  Toast-Swift: ba0b01b095aada709d915f9beb1d38184a2721c3

PODFILE CHECKSUM: 66fb49696b4183baf7486857b69316af5198518e

COCOAPODS: 1.6.1
