// !$*UTF8*$!
{
	archiveVersion = 1;
	classes = {
	};
	objectVersion = 48;
	objects = {

/* Begin PBXBuildFile section */
		E89DE836224B6AAA0049B13E /* AppDelegate.swift in Sources */ = {isa = PBXBuildFile; fileRef = E89DE835224B6AAA0049B13E /* AppDelegate.swift */; };
		E89DE838224B6AAA0049B13E /* ViewController.swift in Sources */ = {isa = PBXBuildFile; fileRef = E89DE837224B6AAA0049B13E /* ViewController.swift */; };
		E89DE83B224B6AAA0049B13E /* Main.storyboard in Resources */ = {isa = PBXBuildFile; fileRef = E89DE839224B6AAA0049B13E /* Main.storyboard */; };
		E89DE83D224B6AAA0049B13E /* Assets.xcassets in Resources */ = {isa = PBXBuildFile; fileRef = E89DE83C224B6AAA0049B13E /* Assets.xcassets */; };
		E89DE840224B6AAA0049B13E /* LaunchScreen.storyboard in Resources */ = {isa = PBXBuildFile; fileRef = E89DE83E224B6AAA0049B13E /* LaunchScreen.storyboard */; };
/* End PBXBuildFile section */

/* Begin PBXFileReference section */
		E89DE832224B6AAA0049B13E /* AlamofireInThreeLayer.app */ = {isa = PBXFileReference; explicitFileType = wrapper.application; includeInIndex = 0; path = AlamofireInThreeLayer.app; sourceTree = BUILT_PRODUCTS_DIR; };
		E89DE835224B6AAA0049B13E /* AppDelegate.swift */ = {isa = PBXFileReference; lastKnownFileType = sourcecode.swift; path = AppDelegate.swift; sourceTree = "<group>"; };
		E89DE837224B6AAA0049B13E /* ViewController.swift */ = {isa = PBXFileReference; lastKnownFileType = sourcecode.swift; path = ViewController.swift; sourceTree = "<group>"; };
		E89DE83A224B6AAA0049B13E /* Base */ = {isa = PBXFileReference; lastKnownFileType = file.storyboard; name = Base; path = Base.lproj/Main.storyboard; sourceTree = "<group>"; };
		E89DE83C224B6AAA0049B13E /* Assets.xcassets */ = {isa = PBXFileReference; lastKnownFileType = folder.assetcatalog; path = Assets.xcassets; sourceTree = "<group>"; };
		E89DE83F224B6AAA0049B13E /* Base */ = {isa = PBXFileReference; lastKnownFileType = file.storyboard; name = Base; path = Base.lproj/LaunchScreen.storyboard; sourceTree = "<group>"; };
		E89DE841224B6AAA0049B13E /* Info.plist */ = {isa = PBXFileReference; lastKnownFileType = text.plist.xml; path = Info.plist; sourceTree = "<group>"; };
/* End PBXFileReference section */

/* Begin PBXFrameworksBuildPhase section */
		E89DE82F224B6AAA0049B13E /* Frameworks */ = {
			isa = PBXFrameworksBuildPhase;
			buildActionMask = 2147483647;
			files = (
			);
			runOnlyForDeploymentPostprocessing = 0;
		};
/* End PBXFrameworksBuildPhase section */

/* Begin PBXGroup section */
		E89DE829224B6AAA0049B13E = {
			isa = PBXGroup;
			children = (
				E89DE834224B6AAA0049B13E /* AlamofireInThreeLayer */,
				E89DE833224B6AAA0049B13E /* Products */,
			);
			sourceTree = "<group>";
		};
		E89DE833224B6AAA0049B13E /* Products */ = {
			isa = PBXGroup;
			children = (
				E89DE832224B6AAA0049B13E /* AlamofireInThreeLayer.app */,
			);
			name = Products;
			sourceTree = "<group>";
		};
		E89DE834224B6AAA0049B13E /* AlamofireInThreeLayer */ = {
			isa = PBXGroup;
			children = (
				E89DE835224B6AAA0049B13E /* AppDelegate.swift */,
				E89DE837224B6AAA0049B13E /* ViewController.swift */,
				E89DE839224B6AAA0049B13E /* Main.storyboard */,
				E89DE83C224B6AAA0049B13E /* Assets.xcassets */,
				E89DE83E224B6AAA0049B13E /* LaunchScreen.storyboard */,
				E89DE841224B6AAA0049B13E /* Info.plist */,
			);
			path = AlamofireInThreeLayer;
			sourceTree = "<group>";
		};
/* End PBXGroup section */

/* Begin PBXNativeTarget section */
		E89DE831224B6AAA0049B13E /* AlamofireInThreeLayer */ = {
			isa = PBXNativeTarget;
			buildConfigurationList = E89DE844224B6AAA0049B13E /* Build configuration list for PBXNativeTarget "AlamofireInThreeLayer" */;
			buildPhases = (
				E89DE82E224B6AAA0049B13E /* Sources */,
				E89DE82F224B6AAA0049B13E /* Frameworks */,
				E89DE830224B6AAA0049B13E /* Resources */,
			);
			buildRules = (
			);
			dependencies = (
			);
			name = AlamofireInThreeLayer;
			productName = AlamofireInThreeLayer;
			productReference = E89DE832224B6AAA0049B13E /* AlamofireInThreeLayer.app */;
			productType = "com.apple.product-type.application";
		};
/* End PBXNativeTarget section */

/* Begin PBXProject section */
		E89DE82A224B6AAA0049B13E /* Project object */ = {
			isa = PBXProject;
			attributes = {
				LastSwiftUpdateCheck = 0920;
				LastUpgradeCheck = 0920;
				ORGANIZATIONNAME = com.mahdifarshid.Alamofire;
				TargetAttributes = {
					E89DE831224B6AAA0049B13E = {
						CreatedOnToolsVersion = 9.2;
						ProvisioningStyle = Automatic;
					};
				};
			};
			buildConfigurationList = E89DE82D224B6AAA0049B13E /* Build configuration list for PBXProject "AlamofireInThreeLayer" */;
			compatibilityVersion = "Xcode 8.0";
			developmentRegion = en;
			hasScannedForEncodings = 0;
			knownRegions = (
				en,
				Base,
			);
			mainGroup = E89DE829224B6AAA0049B13E;
			productRefGroup = E89DE833224B6AAA0049B13E /* Products */;
			projectDirPath = "";
			projectRoot = "";
			targets = (
				E89DE831224B6AAA0049B13E /* AlamofireInThreeLayer */,
			);
		};
/* End PBXProject section */

/* Begin PBXResourcesBuildPhase section */
		E89DE830224B6AAA0049B13E /* Resources */ = {
			isa = PBXResourcesBuildPhase;
			buildActionMask = 2147483647;
			files = (
				E89DE840224B6AAA0049B13E /* LaunchScreen.storyboard in Resources */,
				E89DE83D224B6AAA0049B13E /* Assets.xcassets in Resources */,
				E89DE83B224B6AAA0049B13E /* Main.storyboard in Resources */,
			);
			runOnlyForDeploymentPostprocessing = 0;
		};
/* End PBXResourcesBuildPhase section */

/* Begin PBXSourcesBuildPhase section */
		E89DE82E224B6AAA0049B13E /* Sources */ = {
			isa = PBXSourcesBuildPhase;
			buildActionMask = 2147483647;
			files = (
				E89DE838224B6AAA0049B13E /* ViewController.swift in Sources */,
				E89DE836224B6AAA0049B13E /* AppDelegate.swift in Sources */,
			);
			runOnlyForDeploymentPostprocessing = 0;
		};
/* End PBXSourcesBuildPhase section */

/* Begin PBXVariantGroup section */
		E89DE839224B6AAA0049B13E /* Main.storyboard */ = {
			isa = PBXVariantGroup;
			children = (
				E89DE83A224B6AAA0049B13E /* Base */,
			);
			name = Main.storyboard;
			sourceTree = "<group>";
		};
		E89DE83E224B6AAA0049B13E /* LaunchScreen.storyboard */ = {
			isa = PBXVariantGroup;
			children = (
				E89DE83F224B6AAA0049B13E /* Base */,
			);
			name = LaunchScreen.storyboard;
			sourceTree = "<group>";
		};
/* End PBXVariantGroup section */

/* Begin XCBuildConfiguration section */
		E89DE842224B6AAA0049B13E /* Debug */ = {
			isa = XCBuildConfiguration;
			buildSettings = {
				ALWAYS_SEARCH_USER_PATHS = NO;
				CLANG_ANALYZER_NONNULL = YES;
				CLANG_ANALYZER_NUMBER_OBJECT_CONVERSION = YES_AGGRESSIVE;
				CLANG_CXX_LANGUAGE_STANDARD = "gnu++14";
				CLANG_CXX_LIBRARY = "libc++";
				CLANG_ENABLE_MODULES = YES;
				CLANG_ENABLE_OBJC_ARC = YES;
				CLANG_WARN_BLOCK_CAPTURE_AUTORELEASING = YES;
				CLANG_WARN_BOOL_CONVERSION = YES;
				CLANG_WARN_COMMA = YES;
				CLANG_WARN_CONSTANT_CONVERSION = YES;
				CLANG_WARN_DIRECT_OBJC_ISA_USAGE = YES_ERROR;
				CLANG_WARN_DOCUMENTATION_COMMENTS = YES;
				CLANG_WARN_EMPTY_BODY = YES;
				CLANG_WARN_ENUM_CONVERSION = YES;
				CLANG_WARN_INFINITE_RECURSION = YES;
				CLANG_WARN_INT_CONVERSION = YES;
				CLANG_WARN_NON_LITERAL_NULL_CONVERSION = YES;
				CLANG_WARN_OBJC_LITERAL_CONVERSION = YES;
				CLANG_WARN_OBJC_ROOT_CLASS = YES_ERROR;
				CLANG_WARN_RANGE_LOOP_ANALYSIS = YES;
				CLANG_WARN_STRICT_PROTOTYPES = YES;
				CLANG_WARN_SUSPICIOUS_MOVE = YES;
				CLANG_WARN_UNGUARDED_AVAILABILITY = YES_AGGRESSIVE;
				CLANG_WARN_UNREACHABLE_CODE = YES;
				CLANG_WARN__DUPLICATE_METHOD_MATCH = YES;
				CODE_SIGN_IDENTITY = "iPhone Developer";
				COPY_PHASE_STRIP = NO;
				DEBUG_INFORMATION_FORMAT = dwarf;
				ENABLE_STRICT_OBJC_MSGSEND = YES;
				ENABLE_TESTABILITY = YES;
				GCC_C_LANGUAGE_STANDARD = gnu11;
				GCC_DYNAMIC_NO_PIC = NO;
				GCC_NO_COMMON_BLOCKS = YES;
				GCC_OPTIMIZATION_LEVEL = 0;
				GCC_PREPROCESSOR_DEFINITIONS = (
					"DEBUG=1",
					"$(inherited)",
				);
				GCC_WARN_64_TO_32_BIT_CONVERSION = YES;
				GCC_WARN_ABOUT_RETURN_TYPE = YES_ERROR;
				GCC_WARN_UNDECLARED_SELECTOR = YES;
				GCC_WARN_UNINITIALIZED_AUTOS = YES_AGGRESSIVE;
				GCC_WARN_UNUSED_FUNCTION = YES;
				GCC_WARN_UNUSED_VARIABLE = YES;
				IPHONEOS_DEPLOYMENT_TARGET = 11.2;
				MTL_ENABLE_DEBUG_INFO = YES;
				ONLY_ACTIVE_ARCH = YES;
				SDKROOT = iphoneos;
				SWIFT_ACTIVE_COMPILATION_CONDITIONS = DEBUG;
				SWIFT_OPTIMIZATION_LEVEL = "-Onone";
			};
			name = Debug;
		};
		E89DE843224B6AAA0049B13E /* Release */ = {
			isa = XCBuildConfiguration;
			buildSettings = {
				ALWAYS_SEARCH_USER_PATHS = NO;
				CLANG_ANALYZER_NONNULL = YES;
				CLANG_ANALYZER_NUMBER_OBJECT_CONVERSION = YES_AGGRESSIVE;
				CLANG_CXX_LANGUAGE_STANDARD = "gnu++14";
				CLANG_CXX_LIBRARY = "libc++";
				CLANG_ENABLE_MODULES = YES;
				CLANG_ENABLE_OBJC_ARC = YES;
				CLANG_WARN_BLOCK_CAPTURE_AUTORELEASING = YES;
				CLANG_WARN_BOOL_CONVERSION = YES;
				CLANG_WARN_COMMA = YES;
				CLANG_WARN_CONSTANT_CONVERSION = YES;
				CLANG_WARN_DIRECT_OBJC_ISA_USAGE = YES_ERROR;
				CLANG_WARN_DOCUMENTATION_COMMENTS = YES;
				CLANG_WARN_EMPTY_BODY = YES;
				CLANG_WARN_ENUM_CONVERSION = YES;
				CLANG_WARN_INFINITE_RECURSION = YES;
				CLANG_WARN_INT_CONVERSION = YES;
				CLANG_WARN_NON_LITERAL_NULL_CONVERSION = YES;
				CLANG_WARN_OBJC_LITERAL_CONVERSION = YES;
				CLANG_WARN_OBJC_ROOT_CLASS = YES_ERROR;
				CLANG_WARN_RANGE_LOOP_ANALYSIS = YES;
				CLANG_WARN_STRICT_PROTOTYPES = YES;
				CLANG_WARN_SUSPICIOUS_MOVE = YES;
				CLANG_WARN_UNGUARDED_AVAILABILITY = YES_AGGRESSIVE;
				CLANG_WARN_UNREACHABLE_CODE = YES;
				CLANG_WARN__DUPLICATE_METHOD_MATCH = YES;
				CODE_SIGN_IDENTITY = "iPhone Developer";
				COPY_PHASE_STRIP = NO;
				DEBUG_INFORMATION_FORMAT = "dwarf-with-dsym";
				ENABLE_NS_ASSERTIONS = NO;
				ENABLE_STRICT_OBJC_MSGSEND = YES;
				GCC_C_LANGUAGE_STANDARD = gnu11;
				GCC_NO_COMMON_BLOCKS = YES;
				GCC_WARN_64_TO_32_BIT_CONVERSION = YES;
				GCC_WARN_ABOUT_RETURN_TYPE = YES_ERROR;
				GCC_WARN_UNDECLARED_SELECTOR = YES;
				GCC_WARN_UNINITIALIZED_AUTOS = YES_AGGRESSIVE;
				GCC_WARN_UNUSED_FUNCTION = YES;
				GCC_WARN_UNUSED_VARIABLE = YES;
				IPHONEOS_DEPLOYMENT_TARGET = 11.2;
				MTL_ENABLE_DEBUG_INFO = NO;
				SDKROOT = iphoneos;
				SWIFT_OPTIMIZATION_LEVEL = "-Owholemodule";
				VALIDATE_PRODUCT = YES;
			};
			name = Release;
		};
		E89DE845224B6AAA0049B13E /* Debug */ = {
			isa = XCBuildConfiguration;
			buildSettings = {
				ASSETCATALOG_COMPILER_APPICON_NAME = AppIcon;
				CODE_SIGN_STYLE = Automatic;
				DEVELOPMENT_TEAM = T5S9X6R33V;
				INFOPLIST_FILE = AlamofireInThreeLayer/Info.plist;
				LD_RUNPATH_SEARCH_PATHS = "$(inherited) @executable_path/Frameworks";
				PRODUCT_BUNDLE_IDENTIFIER = farshid.AlamofireInThreeLayer;
				PRODUCT_NAME = "$(TARGET_NAME)";
				SWIFT_VERSION = 4.0;
				TARGETED_DEVICE_FAMILY = "1,2";
			};
			name = Debug;
		};
		E89DE846224B6AAA0049B13E /* Release */ = {
			isa = XCBuildConfiguration;
			buildSettings = {
				ASSETCATALOG_COMPILER_APPICON_NAME = AppIcon;
				CODE_SIGN_STYLE = Automatic;
				DEVELOPMENT_TEAM = T5S9X6R33V;
				INFOPLIST_FILE = AlamofireInThreeLayer/Info.plist;
				LD_RUNPATH_SEARCH_PATHS = "$(inherited) @executable_path/Frameworks";
				PRODUCT_BUNDLE_IDENTIFIER = farshid.AlamofireInThreeLayer;
				PRODUCT_NAME = "$(TARGET_NAME)";
				SWIFT_VERSION = 4.0;
				TARGETED_DEVICE_FAMILY = "1,2";
			};
			name = Release;
		};
/* End XCBuildConfiguration section */

/* Begin XCConfigurationList section */
		E89DE82D224B6AAA0049B13E /* Build configuration list for PBXProject "AlamofireInThreeLayer" */ = {
			isa = XCConfigurationList;
			buildConfigurations = (
				E89DE842224B6AAA0049B13E /* Debug */,
				E89DE843224B6AAA0049B13E /* Release */,
			);
			defaultConfigurationIsVisible = 0;
			defaultConfigurationName = Release;
		};
		E89DE844224B6AAA0049B13E /* Build configuration list for PBXNativeTarget "AlamofireInThreeLayer" */ = {
			isa = XCConfigurationList;
			buildConfigurations = (
				E89DE845224B6AAA0049B13E /* Debug */,
				E89DE846224B6AAA0049B13E /* Release */,
			);
			defaultConfigurationIsVisible = 0;
			defaultConfigurationName = Release;
		};
/* End XCConfigurationList section */
	};
	rootObject = E89DE82A224B6AAA0049B13E /* Project object */;
}
