// !$*UTF8*$!
{
	archiveVersion = 1;
	classes = {
	};
	objectVersion = 48;
	objects = {

/* Begin PBXBuildFile section */
		52FC25C627A4851AD9CB2F8F /* Pods_AlamofireInThreeLayer.framework in Frameworks */ = {isa = PBXBuildFile; fileRef = 564165A3EE1D401E325C4DD2 /* Pods_AlamofireInThreeLayer.framework */; };
		BFBE003B1D86AFCA5E8FF668 /* ApiService.swift in Sources */ = {isa = PBXBuildFile; fileRef = BFBE0AC2FDA373951FC805D7 /* ApiService.swift */; };
		BFBE021223B4B72DD250DE59 /* SubMenuVC.swift in Sources */ = {isa = PBXBuildFile; fileRef = BFBE001ED8021EC596BFB11B /* SubMenuVC.swift */; };
		BFBE067A0CF22634509D179C /* LaunchScreen.storyboard in Resources */ = {isa = PBXBuildFile; fileRef = BFBE0CC359BF37DD2B0EADF6 /* LaunchScreen.storyboard */; };
		BFBE07D762C45333D324191D /* EnumNetworkStatus.swift in Sources */ = {isa = PBXBuildFile; fileRef = BFBE01CDB7DCE66F7AA7FC04 /* EnumNetworkStatus.swift */; };
		BFBE091392DC4CED06FFAE9B /* BaseResponse.swift in Sources */ = {isa = PBXBuildFile; fileRef = BFBE0969DBD88AEC6A6AEF95 /* BaseResponse.swift */; };
		BFBE0A3074202E7200D51EA2 /* Main.storyboard in Resources */ = {isa = PBXBuildFile; fileRef = BFBE0D3E4023B85E9B18B227 /* Main.storyboard */; };
		BFBE0C1242610C4A98A8B7F4 /* GlobalService.swift in Sources */ = {isa = PBXBuildFile; fileRef = BFBE04EAB55379403EE43430 /* GlobalService.swift */; };
		BFBE0D6A056082C9D3A8627F /* MainVC.swift in Sources */ = {isa = PBXBuildFile; fileRef = BFBE02A9B2752901B761320F /* MainVC.swift */; };
		BFBE0E650C6A84C68255AD91 /* MenuCell.swift in Sources */ = {isa = PBXBuildFile; fileRef = BFBE0380FED6E96E029C1757 /* MenuCell.swift */; };
		BFBE0E9A46B26453DA82C856 /* BaseModel.swift in Sources */ = {isa = PBXBuildFile; fileRef = BFBE068AF05558FBFCD51BFF /* BaseModel.swift */; };
		BFBE0ED7C27ED145B2AFD5AE /* GlobalNameSpace.swift in Sources */ = {isa = PBXBuildFile; fileRef = BFBE0486D70D2C3B990D6488 /* GlobalNameSpace.swift */; };
		BFBE0F1EC4DE791D41B6B372 /* Toast.swift in Sources */ = {isa = PBXBuildFile; fileRef = BFBE0E0FCA1CE2EEB002FC18 /* Toast.swift */; };
		E89DE836224B6AAA0049B13E /* AppDelegate.swift in Sources */ = {isa = PBXBuildFile; fileRef = E89DE835224B6AAA0049B13E /* AppDelegate.swift */; };
		E89DE83D224B6AAA0049B13E /* Assets.xcassets in Resources */ = {isa = PBXBuildFile; fileRef = E89DE83C224B6AAA0049B13E /* Assets.xcassets */; };
/* End PBXBuildFile section */

/* Begin PBXFileReference section */
		1676DE4B3E2D1703ABEF8941 /* Pods-AlamofireInThreeLayer.debug.xcconfig */ = {isa = PBXFileReference; includeInIndex = 1; lastKnownFileType = text.xcconfig; name = "Pods-AlamofireInThreeLayer.debug.xcconfig"; path = "Target Support Files/Pods-AlamofireInThreeLayer/Pods-AlamofireInThreeLayer.debug.xcconfig"; sourceTree = "<group>"; };
		564165A3EE1D401E325C4DD2 /* Pods_AlamofireInThreeLayer.framework */ = {isa = PBXFileReference; explicitFileType = wrapper.framework; includeInIndex = 0; path = Pods_AlamofireInThreeLayer.framework; sourceTree = BUILT_PRODUCTS_DIR; };
		91FA31BAA0C7F3BCD96B3193 /* Pods-AlamofireInThreeLayer.release.xcconfig */ = {isa = PBXFileReference; includeInIndex = 1; lastKnownFileType = text.xcconfig; name = "Pods-AlamofireInThreeLayer.release.xcconfig"; path = "Target Support Files/Pods-AlamofireInThreeLayer/Pods-AlamofireInThreeLayer.release.xcconfig"; sourceTree = "<group>"; };
		BFBE001ED8021EC596BFB11B /* SubMenuVC.swift */ = {isa = PBXFileReference; fileEncoding = 4; lastKnownFileType = sourcecode.swift; path = SubMenuVC.swift; sourceTree = "<group>"; };
		BFBE01CDB7DCE66F7AA7FC04 /* EnumNetworkStatus.swift */ = {isa = PBXFileReference; fileEncoding = 4; lastKnownFileType = sourcecode.swift; path = EnumNetworkStatus.swift; sourceTree = "<group>"; };
		BFBE02A9B2752901B761320F /* MainVC.swift */ = {isa = PBXFileReference; fileEncoding = 4; lastKnownFileType = sourcecode.swift; path = MainVC.swift; sourceTree = "<group>"; };
		BFBE0380FED6E96E029C1757 /* MenuCell.swift */ = {isa = PBXFileReference; fileEncoding = 4; lastKnownFileType = sourcecode.swift; path = MenuCell.swift; sourceTree = "<group>"; };
		BFBE0486D70D2C3B990D6488 /* GlobalNameSpace.swift */ = {isa = PBXFileReference; fileEncoding = 4; lastKnownFileType = sourcecode.swift; path = GlobalNameSpace.swift; sourceTree = "<group>"; };
		BFBE04EAB55379403EE43430 /* GlobalService.swift */ = {isa = PBXFileReference; fileEncoding = 4; lastKnownFileType = sourcecode.swift; path = GlobalService.swift; sourceTree = "<group>"; };
		BFBE068AF05558FBFCD51BFF /* BaseModel.swift */ = {isa = PBXFileReference; fileEncoding = 4; lastKnownFileType = sourcecode.swift; path = BaseModel.swift; sourceTree = "<group>"; };
		BFBE0969DBD88AEC6A6AEF95 /* BaseResponse.swift */ = {isa = PBXFileReference; fileEncoding = 4; lastKnownFileType = sourcecode.swift; path = BaseResponse.swift; sourceTree = "<group>"; };
		BFBE0AC2FDA373951FC805D7 /* ApiService.swift */ = {isa = PBXFileReference; fileEncoding = 4; lastKnownFileType = sourcecode.swift; path = ApiService.swift; sourceTree = "<group>"; };
		BFBE0CC359BF37DD2B0EADF6 /* LaunchScreen.storyboard */ = {isa = PBXFileReference; lastKnownFileType = file.storyboard; path = LaunchScreen.storyboard; sourceTree = "<group>"; };
		BFBE0D3E4023B85E9B18B227 /* Main.storyboard */ = {isa = PBXFileReference; lastKnownFileType = file.storyboard; path = Main.storyboard; sourceTree = "<group>"; };
		BFBE0E0FCA1CE2EEB002FC18 /* Toast.swift */ = {isa = PBXFileReference; fileEncoding = 4; lastKnownFileType = sourcecode.swift; path = Toast.swift; sourceTree = "<group>"; };
		E89DE832224B6AAA0049B13E /* AlamofireInThreeLayer.app */ = {isa = PBXFileReference; explicitFileType = wrapper.application; includeInIndex = 0; path = AlamofireInThreeLayer.app; sourceTree = BUILT_PRODUCTS_DIR; };
		E89DE835224B6AAA0049B13E /* AppDelegate.swift */ = {isa = PBXFileReference; lastKnownFileType = sourcecode.swift; path = AppDelegate.swift; sourceTree = "<group>"; };
		E89DE83C224B6AAA0049B13E /* Assets.xcassets */ = {isa = PBXFileReference; lastKnownFileType = folder.assetcatalog; path = Assets.xcassets; sourceTree = "<group>"; };
		E89DE841224B6AAA0049B13E /* Info.plist */ = {isa = PBXFileReference; lastKnownFileType = text.plist.xml; path = Info.plist; sourceTree = "<group>"; };
/* End PBXFileReference section */

/* Begin PBXFrameworksBuildPhase section */
		E89DE82F224B6AAA0049B13E /* Frameworks */ = {
			isa = PBXFrameworksBuildPhase;
			buildActionMask = 2147483647;
			files = (
				52FC25C627A4851AD9CB2F8F /* Pods_AlamofireInThreeLayer.framework in Frameworks */,
			);
			runOnlyForDeploymentPostprocessing = 0;
		};
/* End PBXFrameworksBuildPhase section */

/* Begin PBXGroup section */
		036275F7B6341EF6F42D637B /* Frameworks */ = {
			isa = PBXGroup;
			children = (
				564165A3EE1D401E325C4DD2 /* Pods_AlamofireInThreeLayer.framework */,
			);
			name = Frameworks;
			sourceTree = "<group>";
		};
		BFBE06035F2584D7A10A810B /* StoryBoard */ = {
			isa = PBXGroup;
			children = (
				BFBE0CC359BF37DD2B0EADF6 /* LaunchScreen.storyboard */,
				BFBE0D3E4023B85E9B18B227 /* Main.storyboard */,
			);
			path = StoryBoard;
			sourceTree = "<group>";
		};
		BFBE0680E5DC47B7DE1023CD /* Model */ = {
			isa = PBXGroup;
			children = (
				BFBE068AF05558FBFCD51BFF /* BaseModel.swift */,
				BFBE0969DBD88AEC6A6AEF95 /* BaseResponse.swift */,
			);
			path = Model;
			sourceTree = "<group>";
		};
		BFBE0958F5A6C4A27A5BCF59 /* Network */ = {
			isa = PBXGroup;
			children = (
				BFBE0AC2FDA373951FC805D7 /* ApiService.swift */,
				BFBE04EAB55379403EE43430 /* GlobalService.swift */,
			);
			path = Network;
			sourceTree = "<group>";
		};
		BFBE0A93571AB7021FC211BC /* Utility */ = {
			isa = PBXGroup;
			children = (
				BFBE0E0FCA1CE2EEB002FC18 /* Toast.swift */,
			);
			path = Utility;
			sourceTree = "<group>";
		};
		BFBE0C558F72FA765F35974B /* Cell */ = {
			isa = PBXGroup;
			children = (
				BFBE0380FED6E96E029C1757 /* MenuCell.swift */,
			);
			path = Cell;
			sourceTree = "<group>";
		};
		BFBE0FD2FE9AB970F6DFA88F /* ViewController */ = {
			isa = PBXGroup;
			children = (
				BFBE02A9B2752901B761320F /* MainVC.swift */,
				BFBE001ED8021EC596BFB11B /* SubMenuVC.swift */,
			);
			path = ViewController;
			sourceTree = "<group>";
		};
		D2D564C5757F30392E23B7FF /* Pods */ = {
			isa = PBXGroup;
			children = (
				1676DE4B3E2D1703ABEF8941 /* Pods-AlamofireInThreeLayer.debug.xcconfig */,
				91FA31BAA0C7F3BCD96B3193 /* Pods-AlamofireInThreeLayer.release.xcconfig */,
			);
			path = Pods;
			sourceTree = "<group>";
		};
		E89DE829224B6AAA0049B13E = {
			isa = PBXGroup;
			children = (
				E89DE834224B6AAA0049B13E /* AlamofireInThreeLayer */,
				E89DE833224B6AAA0049B13E /* Products */,
				D2D564C5757F30392E23B7FF /* Pods */,
				036275F7B6341EF6F42D637B /* Frameworks */,
			);
			sourceTree = "<group>";
		};
		E89DE833224B6AAA0049B13E /* Products */ = {
			isa = PBXGroup;
			children = (
				E89DE832224B6AAA0049B13E /* AlamofireInThreeLayer.app */,
			);
			name = Products;
			sourceTree = "<group>";
		};
		E89DE834224B6AAA0049B13E /* AlamofireInThreeLayer */ = {
			isa = PBXGroup;
			children = (
				E89DE835224B6AAA0049B13E /* AppDelegate.swift */,
				E89DE83C224B6AAA0049B13E /* Assets.xcassets */,
				BFBE0C558F72FA765F35974B /* Cell */,
				BFBE0486D70D2C3B990D6488 /* GlobalNameSpace.swift */,
				E89DE841224B6AAA0049B13E /* Info.plist */,
				BFBE0680E5DC47B7DE1023CD /* Model */,
				BFBE06035F2584D7A10A810B /* StoryBoard */,
				BFBE0A93571AB7021FC211BC /* Utility */,
				BFBE0FD2FE9AB970F6DFA88F /* ViewController */,
				BFBE0958F5A6C4A27A5BCF59 /* Network */,
				BFBE01CDB7DCE66F7AA7FC04 /* EnumNetworkStatus.swift */,
			);
			path = AlamofireInThreeLayer;
			sourceTree = "<group>";
		};
/* End PBXGroup section */

/* Begin PBXNativeTarget section */
		E89DE831224B6AAA0049B13E /* AlamofireInThreeLayer */ = {
			isa = PBXNativeTarget;
			buildConfigurationList = E89DE844224B6AAA0049B13E /* Build configuration list for PBXNativeTarget "AlamofireInThreeLayer" */;
			buildPhases = (
				95BB5A03B7C26AF8E7BED030 /* [CP] Check Pods Manifest.lock */,
				E89DE82E224B6AAA0049B13E /* Sources */,
				E89DE82F224B6AAA0049B13E /* Frameworks */,
				E89DE830224B6AAA0049B13E /* Resources */,
				21CD3435406170B0F1AA154F /* [CP] Embed Pods Frameworks */,
			);
			buildRules = (
			);
			dependencies = (
			);
			name = AlamofireInThreeLayer;
			productName = AlamofireInThreeLayer;
			productReference = E89DE832224B6AAA0049B13E /* AlamofireInThreeLayer.app */;
			productType = "com.apple.product-type.application";
		};
/* End PBXNativeTarget section */

/* Begin PBXProject section */
		E89DE82A224B6AAA0049B13E /* Project object */ = {
			isa = PBXProject;
			attributes = {
				LastSwiftUpdateCheck = 0920;
				LastUpgradeCheck = 0920;
				ORGANIZATIONNAME = com.mahdifarshid.Alamofire;
				TargetAttributes = {
					E89DE831224B6AAA0049B13E = {
						CreatedOnToolsVersion = 9.2;
						ProvisioningStyle = Automatic;
					};
				};
			};
			buildConfigurationList = E89DE82D224B6AAA0049B13E /* Build configuration list for PBXProject "AlamofireInThreeLayer" */;
			compatibilityVersion = "Xcode 8.0";
			developmentRegion = en;
			hasScannedForEncodings = 0;
			knownRegions = (
				en,
				Base,
			);
			mainGroup = E89DE829224B6AAA0049B13E;
			productRefGroup = E89DE833224B6AAA0049B13E /* Products */;
			projectDirPath = "";
			projectRoot = "";
			targets = (
				E89DE831224B6AAA0049B13E /* AlamofireInThreeLayer */,
			);
		};
/* End PBXProject section */

/* Begin PBXResourcesBuildPhase section */
		E89DE830224B6AAA0049B13E /* Resources */ = {
			isa = PBXResourcesBuildPhase;
			buildActionMask = 2147483647;
			files = (
				E89DE83D224B6AAA0049B13E /* Assets.xcassets in Resources */,
				BFBE067A0CF22634509D179C /* LaunchScreen.storyboard in Resources */,
				BFBE0A3074202E7200D51EA2 /* Main.storyboard in Resources */,
			);
			runOnlyForDeploymentPostprocessing = 0;
		};
/* End PBXResourcesBuildPhase section */

/* Begin PBXShellScriptBuildPhase section */
		21CD3435406170B0F1AA154F /* [CP] Embed Pods Frameworks */ = {
			isa = PBXShellScriptBuildPhase;
			buildActionMask = 2147483647;
			files = (
			);
			inputPaths = (
				"${PODS_ROOT}/Target Support Files/Pods-AlamofireInThreeLayer/Pods-AlamofireInThreeLayer-frameworks.sh",
				"${BUILT_PRODUCTS_DIR}/Alamofire/Alamofire.framework",
				"${BUILT_PRODUCTS_DIR}/AlamofireObjectMapper/AlamofireObjectMapper.framework",
				"${BUILT_PRODUCTS_DIR}/ObjectMapper/ObjectMapper.framework",
				"${BUILT_PRODUCTS_DIR}/SwiftyJSON/SwiftyJSON.framework",
				"${BUILT_PRODUCTS_DIR}/Toast-Swift/Toast_Swift.framework",
			);
			name = "[CP] Embed Pods Frameworks";
			outputPaths = (
				"${TARGET_BUILD_DIR}/${FRAMEWORKS_FOLDER_PATH}/Alamofire.framework",
				"${TARGET_BUILD_DIR}/${FRAMEWORKS_FOLDER_PATH}/AlamofireObjectMapper.framework",
				"${TARGET_BUILD_DIR}/${FRAMEWORKS_FOLDER_PATH}/ObjectMapper.framework",
				"${TARGET_BUILD_DIR}/${FRAMEWORKS_FOLDER_PATH}/SwiftyJSON.framework",
				"${TARGET_BUILD_DIR}/${FRAMEWORKS_FOLDER_PATH}/Toast_Swift.framework",
			);
			runOnlyForDeploymentPostprocessing = 0;
			shellPath = /bin/sh;
			shellScript = "\"${PODS_ROOT}/Target Support Files/Pods-AlamofireInThreeLayer/Pods-AlamofireInThreeLayer-frameworks.sh\"\n";
			showEnvVarsInLog = 0;
		};
		95BB5A03B7C26AF8E7BED030 /* [CP] Check Pods Manifest.lock */ = {
			isa = PBXShellScriptBuildPhase;
			buildActionMask = 2147483647;
			files = (
			);
			inputPaths = (
				"${PODS_PODFILE_DIR_PATH}/Podfile.lock",
				"${PODS_ROOT}/Manifest.lock",
			);
			name = "[CP] Check Pods Manifest.lock";
			outputPaths = (
				"$(DERIVED_FILE_DIR)/Pods-AlamofireInThreeLayer-checkManifestLockResult.txt",
			);
			runOnlyForDeploymentPostprocessing = 0;
			shellPath = /bin/sh;
			shellScript = "diff \"${PODS_PODFILE_DIR_PATH}/Podfile.lock\" \"${PODS_ROOT}/Manifest.lock\" > /dev/null\nif [ $? != 0 ] ; then\n    # print error to STDERR\n    echo \"error: The sandbox is not in sync with the Podfile.lock. Run 'pod install' or update your CocoaPods installation.\" >&2\n    exit 1\nfi\n# This output is used by Xcode 'outputs' to avoid re-running this script phase.\necho \"SUCCESS\" > \"${SCRIPT_OUTPUT_FILE_0}\"\n";
			showEnvVarsInLog = 0;
		};
/* End PBXShellScriptBuildPhase section */

/* Begin PBXSourcesBuildPhase section */
		E89DE82E224B6AAA0049B13E /* Sources */ = {
			isa = PBXSourcesBuildPhase;
			buildActionMask = 2147483647;
			files = (
				E89DE836224B6AAA0049B13E /* AppDelegate.swift in Sources */,
				BFBE0F1EC4DE791D41B6B372 /* Toast.swift in Sources */,
				BFBE0D6A056082C9D3A8627F /* MainVC.swift in Sources */,
				BFBE0ED7C27ED145B2AFD5AE /* GlobalNameSpace.swift in Sources */,
				BFBE0E9A46B26453DA82C856 /* BaseModel.swift in Sources */,
				BFBE0E650C6A84C68255AD91 /* MenuCell.swift in Sources */,
				BFBE021223B4B72DD250DE59 /* SubMenuVC.swift in Sources */,
				BFBE003B1D86AFCA5E8FF668 /* ApiService.swift in Sources */,
				BFBE0C1242610C4A98A8B7F4 /* GlobalService.swift in Sources */,
				BFBE091392DC4CED06FFAE9B /* BaseResponse.swift in Sources */,
				BFBE07D762C45333D324191D /* EnumNetworkStatus.swift in Sources */,
			);
			runOnlyForDeploymentPostprocessing = 0;
		};
/* End PBXSourcesBuildPhase section */

/* Begin XCBuildConfiguration section */
		E89DE842224B6AAA0049B13E /* Debug */ = {
			isa = XCBuildConfiguration;
			buildSettings = {
				ALWAYS_SEARCH_USER_PATHS = NO;
				CLANG_ANALYZER_NONNULL = YES;
				CLANG_ANALYZER_NUMBER_OBJECT_CONVERSION = YES_AGGRESSIVE;
				CLANG_CXX_LANGUAGE_STANDARD = "gnu++14";
				CLANG_CXX_LIBRARY = "libc++";
				CLANG_ENABLE_MODULES = YES;
				CLANG_ENABLE_OBJC_ARC = YES;
				CLANG_WARN_BLOCK_CAPTURE_AUTORELEASING = YES;
				CLANG_WARN_BOOL_CONVERSION = YES;
				CLANG_WARN_COMMA = YES;
				CLANG_WARN_CONSTANT_CONVERSION = YES;
				CLANG_WARN_DIRECT_OBJC_ISA_USAGE = YES_ERROR;
				CLANG_WARN_DOCUMENTATION_COMMENTS = YES;
				CLANG_WARN_EMPTY_BODY = YES;
				CLANG_WARN_ENUM_CONVERSION = YES;
				CLANG_WARN_INFINITE_RECURSION = YES;
				CLANG_WARN_INT_CONVERSION = YES;
				CLANG_WARN_NON_LITERAL_NULL_CONVERSION = YES;
				CLANG_WARN_OBJC_LITERAL_CONVERSION = YES;
				CLANG_WARN_OBJC_ROOT_CLASS = YES_ERROR;
				CLANG_WARN_RANGE_LOOP_ANALYSIS = YES;
				CLANG_WARN_STRICT_PROTOTYPES = YES;
				CLANG_WARN_SUSPICIOUS_MOVE = YES;
				CLANG_WARN_UNGUARDED_AVAILABILITY = YES_AGGRESSIVE;
				CLANG_WARN_UNREACHABLE_CODE = YES;
				CLANG_WARN__DUPLICATE_METHOD_MATCH = YES;
				CODE_SIGN_IDENTITY = "iPhone Developer";
				COPY_PHASE_STRIP = NO;
				DEBUG_INFORMATION_FORMAT = dwarf;
				ENABLE_STRICT_OBJC_MSGSEND = YES;
				ENABLE_TESTABILITY = YES;
				GCC_C_LANGUAGE_STANDARD = gnu11;
				GCC_DYNAMIC_NO_PIC = NO;
				GCC_NO_COMMON_BLOCKS = YES;
				GCC_OPTIMIZATION_LEVEL = 0;
				GCC_PREPROCESSOR_DEFINITIONS = (
					"DEBUG=1",
					"$(inherited)",
				);
				GCC_WARN_64_TO_32_BIT_CONVERSION = YES;
				GCC_WARN_ABOUT_RETURN_TYPE = YES_ERROR;
				GCC_WARN_UNDECLARED_SELECTOR = YES;
				GCC_WARN_UNINITIALIZED_AUTOS = YES_AGGRESSIVE;
				GCC_WARN_UNUSED_FUNCTION = YES;
				GCC_WARN_UNUSED_VARIABLE = YES;
				IPHONEOS_DEPLOYMENT_TARGET = 11.2;
				MTL_ENABLE_DEBUG_INFO = YES;
				ONLY_ACTIVE_ARCH = YES;
				SDKROOT = iphoneos;
				SWIFT_ACTIVE_COMPILATION_CONDITIONS = DEBUG;
				SWIFT_OPTIMIZATION_LEVEL = "-Onone";
			};
			name = Debug;
		};
		E89DE843224B6AAA0049B13E /* Release */ = {
			isa = XCBuildConfiguration;
			buildSettings = {
				ALWAYS_SEARCH_USER_PATHS = NO;
				CLANG_ANALYZER_NONNULL = YES;
				CLANG_ANALYZER_NUMBER_OBJECT_CONVERSION = YES_AGGRESSIVE;
				CLANG_CXX_LANGUAGE_STANDARD = "gnu++14";
				CLANG_CXX_LIBRARY = "libc++";
				CLANG_ENABLE_MODULES = YES;
				CLANG_ENABLE_OBJC_ARC = YES;
				CLANG_WARN_BLOCK_CAPTURE_AUTORELEASING = YES;
				CLANG_WARN_BOOL_CONVERSION = YES;
				CLANG_WARN_COMMA = YES;
				CLANG_WARN_CONSTANT_CONVERSION = YES;
				CLANG_WARN_DIRECT_OBJC_ISA_USAGE = YES_ERROR;
				CLANG_WARN_DOCUMENTATION_COMMENTS = YES;
				CLANG_WARN_EMPTY_BODY = YES;
				CLANG_WARN_ENUM_CONVERSION = YES;
				CLANG_WARN_INFINITE_RECURSION = YES;
				CLANG_WARN_INT_CONVERSION = YES;
				CLANG_WARN_NON_LITERAL_NULL_CONVERSION = YES;
				CLANG_WARN_OBJC_LITERAL_CONVERSION = YES;
				CLANG_WARN_OBJC_ROOT_CLASS = YES_ERROR;
				CLANG_WARN_RANGE_LOOP_ANALYSIS = YES;
				CLANG_WARN_STRICT_PROTOTYPES = YES;
				CLANG_WARN_SUSPICIOUS_MOVE = YES;
				CLANG_WARN_UNGUARDED_AVAILABILITY = YES_AGGRESSIVE;
				CLANG_WARN_UNREACHABLE_CODE = YES;
				CLANG_WARN__DUPLICATE_METHOD_MATCH = YES;
				CODE_SIGN_IDENTITY = "iPhone Developer";
				COPY_PHASE_STRIP = NO;
				DEBUG_INFORMATION_FORMAT = "dwarf-with-dsym";
				ENABLE_NS_ASSERTIONS = NO;
				ENABLE_STRICT_OBJC_MSGSEND = YES;
				GCC_C_LANGUAGE_STANDARD = gnu11;
				GCC_NO_COMMON_BLOCKS = YES;
				GCC_WARN_64_TO_32_BIT_CONVERSION = YES;
				GCC_WARN_ABOUT_RETURN_TYPE = YES_ERROR;
				GCC_WARN_UNDECLARED_SELECTOR = YES;
				GCC_WARN_UNINITIALIZED_AUTOS = YES_AGGRESSIVE;
				GCC_WARN_UNUSED_FUNCTION = YES;
				GCC_WARN_UNUSED_VARIABLE = YES;
				IPHONEOS_DEPLOYMENT_TARGET = 11.2;
				MTL_ENABLE_DEBUG_INFO = NO;
				SDKROOT = iphoneos;
				SWIFT_OPTIMIZATION_LEVEL = "-Owholemodule";
				VALIDATE_PRODUCT = YES;
			};
			name = Release;
		};
		E89DE845224B6AAA0049B13E /* Debug */ = {
			isa = XCBuildConfiguration;
			baseConfigurationReference = 1676DE4B3E2D1703ABEF8941 /* Pods-AlamofireInThreeLayer.debug.xcconfig */;
			buildSettings = {
				ASSETCATALOG_COMPILER_APPICON_NAME = AppIcon;
				CODE_SIGN_STYLE = Automatic;
				DEVELOPMENT_TEAM = T5S9X6R33V;
				INFOPLIST_FILE = AlamofireInThreeLayer/Info.plist;
				LD_RUNPATH_SEARCH_PATHS = "$(inherited) @executable_path/Frameworks";
				PRODUCT_BUNDLE_IDENTIFIER = farshid.AlamofireInThreeLayer;
				PRODUCT_NAME = "$(TARGET_NAME)";
				SWIFT_VERSION = 4.0;
				TARGETED_DEVICE_FAMILY = "1,2";
			};
			name = Debug;
		};
		E89DE846224B6AAA0049B13E /* Release */ = {
			isa = XCBuildConfiguration;
			baseConfigurationReference = 91FA31BAA0C7F3BCD96B3193 /* Pods-AlamofireInThreeLayer.release.xcconfig */;
			buildSettings = {
				ASSETCATALOG_COMPILER_APPICON_NAME = AppIcon;
				CODE_SIGN_STYLE = Automatic;
				DEVELOPMENT_TEAM = T5S9X6R33V;
				INFOPLIST_FILE = AlamofireInThreeLayer/Info.plist;
				LD_RUNPATH_SEARCH_PATHS = "$(inherited) @executable_path/Frameworks";
				PRODUCT_BUNDLE_IDENTIFIER = farshid.AlamofireInThreeLayer;
				PRODUCT_NAME = "$(TARGET_NAME)";
				SWIFT_VERSION = 4.0;
				TARGETED_DEVICE_FAMILY = "1,2";
			};
			name = Release;
		};
/* End XCBuildConfiguration section */

/* Begin XCConfigurationList section */
		E89DE82D224B6AAA0049B13E /* Build configuration list for PBXProject "AlamofireInThreeLayer" */ = {
			isa = XCConfigurationList;
			buildConfigurations = (
				E89DE842224B6AAA0049B13E /* Debug */,
				E89DE843224B6AAA0049B13E /* Release */,
			);
			defaultConfigurationIsVisible = 0;
			defaultConfigurationName = Release;
		};
		E89DE844224B6AAA0049B13E /* Build configuration list for PBXNativeTarget "AlamofireInThreeLayer" */ = {
			isa = XCConfigurationList;
			buildConfigurations = (
				E89DE845224B6AAA0049B13E /* Debug */,
				E89DE846224B6AAA0049B13E /* Release */,
			);
			defaultConfigurationIsVisible = 0;
			defaultConfigurationName = Release;
		};
/* End XCConfigurationList section */
	};
	rootObject = E89DE82A224B6AAA0049B13E /* Project object */;
}
